// !$*UTF8*$!
{
	archiveVersion = 1;
	classes = {
	};
	objectVersion = 50;
	objects = {

/* Begin PBXBuildFile section */
		3D8EFD3D265D4EA500D1DB9E /* AnimationVideoManager.swift in Sources */ = {isa = PBXBuildFile; fileRef = 8421D9F02653CDB1008DA337 /* AnimationVideoManager.swift */; };
		8421D9BF2653962D008DA337 /* AppDelegate.swift in Sources */ = {isa = PBXBuildFile; fileRef = 8421D9BE2653962D008DA337 /* AppDelegate.swift */; };
		8421D9C12653962D008DA337 /* SceneDelegate.swift in Sources */ = {isa = PBXBuildFile; fileRef = 8421D9C02653962D008DA337 /* SceneDelegate.swift */; };
		8421D9C32653962D008DA337 /* ViewController.swift in Sources */ = {isa = PBXBuildFile; fileRef = 8421D9C22653962D008DA337 /* ViewController.swift */; };
		8421D9C62653962D008DA337 /* Main.storyboard in Resources */ = {isa = PBXBuildFile; fileRef = 8421D9C42653962D008DA337 /* Main.storyboard */; };
		8421D9C82653962F008DA337 /* Assets.xcassets in Resources */ = {isa = PBXBuildFile; fileRef = 8421D9C72653962F008DA337 /* Assets.xcassets */; };
		8421D9CB2653962F008DA337 /* LaunchScreen.storyboard in Resources */ = {isa = PBXBuildFile; fileRef = 8421D9C92653962F008DA337 /* LaunchScreen.storyboard */; };
		8421D9D626539630008DA337 /* imageToVideoTests.swift in Sources */ = {isa = PBXBuildFile; fileRef = 8421D9D526539630008DA337 /* imageToVideoTests.swift */; };
		8421D9E126539630008DA337 /* imageToVideoUITests.swift in Sources */ = {isa = PBXBuildFile; fileRef = 8421D9E026539630008DA337 /* imageToVideoUITests.swift */; };
		8421D9FB2654E6BD008DA337 /* 6.png in Resources */ = {isa = PBXBuildFile; fileRef = 8421D9F82654E6BD008DA337 /* 6.png */; };
		8421D9FC2654E6BD008DA337 /* 4.png in Resources */ = {isa = PBXBuildFile; fileRef = 8421D9F92654E6BD008DA337 /* 4.png */; };
		8421D9FD2654E6BD008DA337 /* 5.png in Resources */ = {isa = PBXBuildFile; fileRef = 8421D9FA2654E6BD008DA337 /* 5.png */; };
/* End PBXBuildFile section */

/* Begin PBXContainerItemProxy section */
		8421D9D226539630008DA337 /* PBXContainerItemProxy */ = {
			isa = PBXContainerItemProxy;
			containerPortal = 8421D9B32653962D008DA337 /* Project object */;
			proxyType = 1;
			remoteGlobalIDString = 8421D9BA2653962D008DA337;
			remoteInfo = imageToVideo;
		};
		8421D9DD26539630008DA337 /* PBXContainerItemProxy */ = {
			isa = PBXContainerItemProxy;
			containerPortal = 8421D9B32653962D008DA337 /* Project object */;
			proxyType = 1;
			remoteGlobalIDString = 8421D9BA2653962D008DA337;
			remoteInfo = imageToVideo;
		};
/* End PBXContainerItemProxy section */

/* Begin PBXCopyFilesBuildPhase section */
		3D3456C2265AAD99007F73B4 /* Embed Frameworks */ = {
			isa = PBXCopyFilesBuildPhase;
			buildActionMask = 2147483647;
			dstPath = "";
			dstSubfolderSpec = 10;
			files = (
			);
			name = "Embed Frameworks";
			runOnlyForDeploymentPostprocessing = 0;
		};
/* End PBXCopyFilesBuildPhase section */

/* Begin PBXFileReference section */
		8421D9BB2653962D008DA337 /* imageToVideo.app */ = {isa = PBXFileReference; explicitFileType = wrapper.application; includeInIndex = 0; path = imageToVideo.app; sourceTree = BUILT_PRODUCTS_DIR; };
		8421D9BE2653962D008DA337 /* AppDelegate.swift */ = {isa = PBXFileReference; lastKnownFileType = sourcecode.swift; path = AppDelegate.swift; sourceTree = "<group>"; };
		8421D9C02653962D008DA337 /* SceneDelegate.swift */ = {isa = PBXFileReference; lastKnownFileType = sourcecode.swift; path = SceneDelegate.swift; sourceTree = "<group>"; };
		8421D9C22653962D008DA337 /* ViewController.swift */ = {isa = PBXFileReference; lastKnownFileType = sourcecode.swift; path = ViewController.swift; sourceTree = "<group>"; };
		8421D9C52653962D008DA337 /* Base */ = {isa = PBXFileReference; lastKnownFileType = file.storyboard; name = Base; path = Base.lproj/Main.storyboard; sourceTree = "<group>"; };
		8421D9C72653962F008DA337 /* Assets.xcassets */ = {isa = PBXFileReference; lastKnownFileType = folder.assetcatalog; path = Assets.xcassets; sourceTree = "<group>"; };
		8421D9CA2653962F008DA337 /* Base */ = {isa = PBXFileReference; lastKnownFileType = file.storyboard; name = Base; path = Base.lproj/LaunchScreen.storyboard; sourceTree = "<group>"; };
		8421D9CC2653962F008DA337 /* Info.plist */ = {isa = PBXFileReference; lastKnownFileType = text.plist.xml; path = Info.plist; sourceTree = "<group>"; };
		8421D9D126539630008DA337 /* imageToVideoTests.xctest */ = {isa = PBXFileReference; explicitFileType = wrapper.cfbundle; includeInIndex = 0; path = imageToVideoTests.xctest; sourceTree = BUILT_PRODUCTS_DIR; };
		8421D9D526539630008DA337 /* imageToVideoTests.swift */ = {isa = PBXFileReference; lastKnownFileType = sourcecode.swift; path = imageToVideoTests.swift; sourceTree = "<group>"; };
		8421D9D726539630008DA337 /* Info.plist */ = {isa = PBXFileReference; lastKnownFileType = text.plist.xml; path = Info.plist; sourceTree = "<group>"; };
		8421D9DC26539630008DA337 /* imageToVideoUITests.xctest */ = {isa = PBXFileReference; explicitFileType = wrapper.cfbundle; includeInIndex = 0; path = imageToVideoUITests.xctest; sourceTree = BUILT_PRODUCTS_DIR; };
		8421D9E026539630008DA337 /* imageToVideoUITests.swift */ = {isa = PBXFileReference; lastKnownFileType = sourcecode.swift; path = imageToVideoUITests.swift; sourceTree = "<group>"; };
		8421D9E226539630008DA337 /* Info.plist */ = {isa = PBXFileReference; lastKnownFileType = text.plist.xml; path = Info.plist; sourceTree = "<group>"; };
		8421D9F02653CDB1008DA337 /* AnimationVideoManager.swift */ = {isa = PBXFileReference; lastKnownFileType = sourcecode.swift; path = AnimationVideoManager.swift; sourceTree = "<group>"; };
		8421D9F82654E6BD008DA337 /* 6.png */ = {isa = PBXFileReference; lastKnownFileType = image.png; path = 6.png; sourceTree = SOURCE_ROOT; };
		8421D9F92654E6BD008DA337 /* 4.png */ = {isa = PBXFileReference; lastKnownFileType = image.png; path = 4.png; sourceTree = SOURCE_ROOT; };
		8421D9FA2654E6BD008DA337 /* 5.png */ = {isa = PBXFileReference; lastKnownFileType = image.png; path = 5.png; sourceTree = SOURCE_ROOT; };
/* End PBXFileReference section */

/* Begin PBXFrameworksBuildPhase section */
		8421D9B82653962D008DA337 /* Frameworks */ = {
			isa = PBXFrameworksBuildPhase;
			buildActionMask = 2147483647;
			files = (
			);
			runOnlyForDeploymentPostprocessing = 0;
		};
		8421D9CE26539630008DA337 /* Frameworks */ = {
			isa = PBXFrameworksBuildPhase;
			buildActionMask = 2147483647;
			files = (
			);
			runOnlyForDeploymentPostprocessing = 0;
		};
		8421D9D926539630008DA337 /* Frameworks */ = {
			isa = PBXFrameworksBuildPhase;
			buildActionMask = 2147483647;
			files = (
			);
			runOnlyForDeploymentPostprocessing = 0;
		};
/* End PBXFrameworksBuildPhase section */

/* Begin PBXGroup section */
		8421D9B22653962D008DA337 = {
			isa = PBXGroup;
			children = (
				8421D9BD2653962D008DA337 /* imageToVideo */,
				8421D9D426539630008DA337 /* imageToVideoTests */,
				8421D9DF26539630008DA337 /* imageToVideoUITests */,
				8421D9BC2653962D008DA337 /* Products */,
			);
			sourceTree = "<group>";
		};
		8421D9BC2653962D008DA337 /* Products */ = {
			isa = PBXGroup;
			children = (
				8421D9BB2653962D008DA337 /* imageToVideo.app */,
				8421D9D126539630008DA337 /* imageToVideoTests.xctest */,
				8421D9DC26539630008DA337 /* imageToVideoUITests.xctest */,
			);
			name = Products;
			sourceTree = "<group>";
		};
		8421D9BD2653962D008DA337 /* imageToVideo */ = {
			isa = PBXGroup;
			children = (
				8421D9BE2653962D008DA337 /* AppDelegate.swift */,
				8421D9C02653962D008DA337 /* SceneDelegate.swift */,
				8421D9C22653962D008DA337 /* ViewController.swift */,
				8421D9F02653CDB1008DA337 /* AnimationVideoManager.swift */,
				8421D9C42653962D008DA337 /* Main.storyboard */,
				8421D9C72653962F008DA337 /* Assets.xcassets */,
				8421D9F92654E6BD008DA337 /* 4.png */,
				8421D9FA2654E6BD008DA337 /* 5.png */,
				8421D9F82654E6BD008DA337 /* 6.png */,
				8421D9C92653962F008DA337 /* LaunchScreen.storyboard */,
				8421D9CC2653962F008DA337 /* Info.plist */,
			);
			path = imageToVideo;
			sourceTree = "<group>";
		};
		8421D9D426539630008DA337 /* imageToVideoTests */ = {
			isa = PBXGroup;
			children = (
				8421D9D526539630008DA337 /* imageToVideoTests.swift */,
				8421D9D726539630008DA337 /* Info.plist */,
			);
			path = imageToVideoTests;
			sourceTree = "<group>";
		};
		8421D9DF26539630008DA337 /* imageToVideoUITests */ = {
			isa = PBXGroup;
			children = (
				8421D9E026539630008DA337 /* imageToVideoUITests.swift */,
				8421D9E226539630008DA337 /* Info.plist */,
			);
			path = imageToVideoUITests;
			sourceTree = "<group>";
		};
/* End PBXGroup section */

/* Begin PBXNativeTarget section */
		8421D9BA2653962D008DA337 /* imageToVideo */ = {
			isa = PBXNativeTarget;
			buildConfigurationList = 8421D9E526539630008DA337 /* Build configuration list for PBXNativeTarget "imageToVideo" */;
			buildPhases = (
				8421D9B72653962D008DA337 /* Sources */,
				8421D9B82653962D008DA337 /* Frameworks */,
				8421D9B92653962D008DA337 /* Resources */,
				3D3456C2265AAD99007F73B4 /* Embed Frameworks */,
			);
			buildRules = (
			);
			dependencies = (
			);
			name = imageToVideo;
			productName = imageToVideo;
			productReference = 8421D9BB2653962D008DA337 /* imageToVideo.app */;
			productType = "com.apple.product-type.application";
		};
		8421D9D026539630008DA337 /* imageToVideoTests */ = {
			isa = PBXNativeTarget;
			buildConfigurationList = 8421D9E826539630008DA337 /* Build configuration list for PBXNativeTarget "imageToVideoTests" */;
			buildPhases = (
				8421D9CD26539630008DA337 /* Sources */,
				8421D9CE26539630008DA337 /* Frameworks */,
				8421D9CF26539630008DA337 /* Resources */,
			);
			buildRules = (
			);
			dependencies = (
				8421D9D326539630008DA337 /* PBXTargetDependency */,
			);
			name = imageToVideoTests;
			productName = imageToVideoTests;
			productReference = 8421D9D126539630008DA337 /* imageToVideoTests.xctest */;
			productType = "com.apple.product-type.bundle.unit-test";
		};
		8421D9DB26539630008DA337 /* imageToVideoUITests */ = {
			isa = PBXNativeTarget;
			buildConfigurationList = 8421D9EB26539630008DA337 /* Build configuration list for PBXNativeTarget "imageToVideoUITests" */;
			buildPhases = (
				8421D9D826539630008DA337 /* Sources */,
				8421D9D926539630008DA337 /* Frameworks */,
				8421D9DA26539630008DA337 /* Resources */,
			);
			buildRules = (
			);
			dependencies = (
				8421D9DE26539630008DA337 /* PBXTargetDependency */,
			);
			name = imageToVideoUITests;
			productName = imageToVideoUITests;
			productReference = 8421D9DC26539630008DA337 /* imageToVideoUITests.xctest */;
			productType = "com.apple.product-type.bundle.ui-testing";
		};
/* End PBXNativeTarget section */

/* Begin PBXProject section */
		8421D9B32653962D008DA337 /* Project object */ = {
			isa = PBXProject;
			attributes = {
				LastSwiftUpdateCheck = 1250;
				LastUpgradeCheck = 1250;
				TargetAttributes = {
					8421D9BA2653962D008DA337 = {
						CreatedOnToolsVersion = 12.5;
					};
					8421D9D026539630008DA337 = {
						CreatedOnToolsVersion = 12.5;
						TestTargetID = 8421D9BA2653962D008DA337;
					};
					8421D9DB26539630008DA337 = {
						CreatedOnToolsVersion = 12.5;
						TestTargetID = 8421D9BA2653962D008DA337;
					};
				};
			};
			buildConfigurationList = 8421D9B62653962D008DA337 /* Build configuration list for PBXProject "imageToVideo" */;
			compatibilityVersion = "Xcode 9.3";
			developmentRegion = en;
			hasScannedForEncodings = 0;
			knownRegions = (
				en,
				Base,
			);
			mainGroup = 8421D9B22653962D008DA337;
			productRefGroup = 8421D9BC2653962D008DA337 /* Products */;
			projectDirPath = "";
			projectRoot = "";
			targets = (
				8421D9BA2653962D008DA337 /* imageToVideo */,
				8421D9D026539630008DA337 /* imageToVideoTests */,
				8421D9DB26539630008DA337 /* imageToVideoUITests */,
			);
		};
/* End PBXProject section */

/* Begin PBXResourcesBuildPhase section */
		8421D9B92653962D008DA337 /* Resources */ = {
			isa = PBXResourcesBuildPhase;
			buildActionMask = 2147483647;
			files = (
				8421D9CB2653962F008DA337 /* LaunchScreen.storyboard in Resources */,
				8421D9C82653962F008DA337 /* Assets.xcassets in Resources */,
				8421D9FB2654E6BD008DA337 /* 6.png in Resources */,
				8421D9FD2654E6BD008DA337 /* 5.png in Resources */,
				8421D9FC2654E6BD008DA337 /* 4.png in Resources */,
				8421D9C62653962D008DA337 /* Main.storyboard in Resources */,
			);
			runOnlyForDeploymentPostprocessing = 0;
		};
		8421D9CF26539630008DA337 /* Resources */ = {
			isa = PBXResourcesBuildPhase;
			buildActionMask = 2147483647;
			files = (
			);
			runOnlyForDeploymentPostprocessing = 0;
		};
		8421D9DA26539630008DA337 /* Resources */ = {
			isa = PBXResourcesBuildPhase;
			buildActionMask = 2147483647;
			files = (
			);
			runOnlyForDeploymentPostprocessing = 0;
		};
/* End PBXResourcesBuildPhase section */

/* Begin PBXSourcesBuildPhase section */
		8421D9B72653962D008DA337 /* Sources */ = {
			isa = PBXSourcesBuildPhase;
			buildActionMask = 2147483647;
			files = (
				3D8EFD3D265D4EA500D1DB9E /* AnimationVideoManager.swift in Sources */,
				8421D9C32653962D008DA337 /* ViewController.swift in Sources */,
				8421D9BF2653962D008DA337 /* AppDelegate.swift in Sources */,
				8421D9C12653962D008DA337 /* SceneDelegate.swift in Sources */,
			);
			runOnlyForDeploymentPostprocessing = 0;
		};
		8421D9CD26539630008DA337 /* Sources */ = {
			isa = PBXSourcesBuildPhase;
			buildActionMask = 2147483647;
			files = (
				8421D9D626539630008DA337 /* imageToVideoTests.swift in Sources */,
			);
			runOnlyForDeploymentPostprocessing = 0;
		};
		8421D9D826539630008DA337 /* Sources */ = {
			isa = PBXSourcesBuildPhase;
			buildActionMask = 2147483647;
			files = (
				8421D9E126539630008DA337 /* imageToVideoUITests.swift in Sources */,
			);
			runOnlyForDeploymentPostprocessing = 0;
		};
/* End PBXSourcesBuildPhase section */

/* Begin PBXTargetDependency section */
		8421D9D326539630008DA337 /* PBXTargetDependency */ = {
			isa = PBXTargetDependency;
			target = 8421D9BA2653962D008DA337 /* imageToVideo */;
			targetProxy = 8421D9D226539630008DA337 /* PBXContainerItemProxy */;
		};
		8421D9DE26539630008DA337 /* PBXTargetDependency */ = {
			isa = PBXTargetDependency;
			target = 8421D9BA2653962D008DA337 /* imageToVideo */;
			targetProxy = 8421D9DD26539630008DA337 /* PBXContainerItemProxy */;
		};
/* End PBXTargetDependency section */

/* Begin PBXVariantGroup section */
		8421D9C42653962D008DA337 /* Main.storyboard */ = {
			isa = PBXVariantGroup;
			children = (
				8421D9C52653962D008DA337 /* Base */,
			);
			name = Main.storyboard;
			sourceTree = "<group>";
		};
		8421D9C92653962F008DA337 /* LaunchScreen.storyboard */ = {
			isa = PBXVariantGroup;
			children = (
				8421D9CA2653962F008DA337 /* Base */,
			);
			name = LaunchScreen.storyboard;
			sourceTree = "<group>";
		};
/* End PBXVariantGroup section */

/* Begin XCBuildConfiguration section */
		8421D9E326539630008DA337 /* Debug */ = {
			isa = XCBuildConfiguration;
			buildSettings = {
				ALWAYS_SEARCH_USER_PATHS = NO;
				CLANG_ANALYZER_NONNULL = YES;
				CLANG_ANALYZER_NUMBER_OBJECT_CONVERSION = YES_AGGRESSIVE;
				CLANG_CXX_LANGUAGE_STANDARD = "gnu++14";
				CLANG_CXX_LIBRARY = "libc++";
				CLANG_ENABLE_MODULES = YES;
				CLANG_ENABLE_OBJC_ARC = YES;
				CLANG_ENABLE_OBJC_WEAK = YES;
				CLANG_WARN_BLOCK_CAPTURE_AUTORELEASING = YES;
				CLANG_WARN_BOOL_CONVERSION = YES;
				CLANG_WARN_COMMA = YES;
				CLANG_WARN_CONSTANT_CONVERSION = YES;
				CLANG_WARN_DEPRECATED_OBJC_IMPLEMENTATIONS = YES;
				CLANG_WARN_DIRECT_OBJC_ISA_USAGE = YES_ERROR;
				CLANG_WARN_DOCUMENTATION_COMMENTS = YES;
				CLANG_WARN_EMPTY_BODY = YES;
				CLANG_WARN_ENUM_CONVERSION = YES;
				CLANG_WARN_INFINITE_RECURSION = YES;
				CLANG_WARN_INT_CONVERSION = YES;
				CLANG_WARN_NON_LITERAL_NULL_CONVERSION = YES;
				CLANG_WARN_OBJC_IMPLICIT_RETAIN_SELF = YES;
				CLANG_WARN_OBJC_LITERAL_CONVERSION = YES;
				CLANG_WARN_OBJC_ROOT_CLASS = YES_ERROR;
				CLANG_WARN_QUOTED_INCLUDE_IN_FRAMEWORK_HEADER = YES;
				CLANG_WARN_RANGE_LOOP_ANALYSIS = YES;
				CLANG_WARN_STRICT_PROTOTYPES = YES;
				CLANG_WARN_SUSPICIOUS_MOVE = YES;
				CLANG_WARN_UNGUARDED_AVAILABILITY = YES_AGGRESSIVE;
				CLANG_WARN_UNREACHABLE_CODE = YES;
				CLANG_WARN__DUPLICATE_METHOD_MATCH = YES;
				COPY_PHASE_STRIP = NO;
				DEBUG_INFORMATION_FORMAT = dwarf;
				ENABLE_STRICT_OBJC_MSGSEND = YES;
				ENABLE_TESTABILITY = YES;
				GCC_C_LANGUAGE_STANDARD = gnu11;
				GCC_DYNAMIC_NO_PIC = NO;
				GCC_NO_COMMON_BLOCKS = YES;
				GCC_OPTIMIZATION_LEVEL = 0;
				GCC_PREPROCESSOR_DEFINITIONS = (
					"DEBUG=1",
					"$(inherited)",
				);
				GCC_WARN_64_TO_32_BIT_CONVERSION = YES;
				GCC_WARN_ABOUT_RETURN_TYPE = YES_ERROR;
				GCC_WARN_UNDECLARED_SELECTOR = YES;
				GCC_WARN_UNINITIALIZED_AUTOS = YES_AGGRESSIVE;
				GCC_WARN_UNUSED_FUNCTION = YES;
				GCC_WARN_UNUSED_VARIABLE = YES;
				IPHONEOS_DEPLOYMENT_TARGET = 14.5;
				MTL_ENABLE_DEBUG_INFO = INCLUDE_SOURCE;
				MTL_FAST_MATH = YES;
				ONLY_ACTIVE_ARCH = YES;
				SDKROOT = iphoneos;
				SWIFT_ACTIVE_COMPILATION_CONDITIONS = DEBUG;
				SWIFT_OPTIMIZATION_LEVEL = "-Onone";
			};
			name = Debug;
		};
		8421D9E426539630008DA337 /* Release */ = {
			isa = XCBuildConfiguration;
			buildSettings = {
				ALWAYS_SEARCH_USER_PATHS = NO;
				CLANG_ANALYZER_NONNULL = YES;
				CLANG_ANALYZER_NUMBER_OBJECT_CONVERSION = YES_AGGRESSIVE;
				CLANG_CXX_LANGUAGE_STANDARD = "gnu++14";
				CLANG_CXX_LIBRARY = "libc++";
				CLANG_ENABLE_MODULES = YES;
				CLANG_ENABLE_OBJC_ARC = YES;
				CLANG_ENABLE_OBJC_WEAK = YES;
				CLANG_WARN_BLOCK_CAPTURE_AUTORELEASING = YES;
				CLANG_WARN_BOOL_CONVERSION = YES;
				CLANG_WARN_COMMA = YES;
				CLANG_WARN_CONSTANT_CONVERSION = YES;
				CLANG_WARN_DEPRECATED_OBJC_IMPLEMENTATIONS = YES;
				CLANG_WARN_DIRECT_OBJC_ISA_USAGE = YES_ERROR;
				CLANG_WARN_DOCUMENTATION_COMMENTS = YES;
				CLANG_WARN_EMPTY_BODY = YES;
				CLANG_WARN_ENUM_CONVERSION = YES;
				CLANG_WARN_INFINITE_RECURSION = YES;
				CLANG_WARN_INT_CONVERSION = YES;
				CLANG_WARN_NON_LITERAL_NULL_CONVERSION = YES;
				CLANG_WARN_OBJC_IMPLICIT_RETAIN_SELF = YES;
				CLANG_WARN_OBJC_LITERAL_CONVERSION = YES;
				CLANG_WARN_OBJC_ROOT_CLASS = YES_ERROR;
				CLANG_WARN_QUOTED_INCLUDE_IN_FRAMEWORK_HEADER = YES;
				CLANG_WARN_RANGE_LOOP_ANALYSIS = YES;
				CLANG_WARN_STRICT_PROTOTYPES = YES;
				CLANG_WARN_SUSPICIOUS_MOVE = YES;
				CLANG_WARN_UNGUARDED_AVAILABILITY = YES_AGGRESSIVE;
				CLANG_WARN_UNREACHABLE_CODE = YES;
				CLANG_WARN__DUPLICATE_METHOD_MATCH = YES;
				COPY_PHASE_STRIP = NO;
				DEBUG_INFORMATION_FORMAT = "dwarf-with-dsym";
				ENABLE_NS_ASSERTIONS = NO;
				ENABLE_STRICT_OBJC_MSGSEND = YES;
				GCC_C_LANGUAGE_STANDARD = gnu11;
				GCC_NO_COMMON_BLOCKS = YES;
				GCC_WARN_64_TO_32_BIT_CONVERSION = YES;
				GCC_WARN_ABOUT_RETURN_TYPE = YES_ERROR;
				GCC_WARN_UNDECLARED_SELECTOR = YES;
				GCC_WARN_UNINITIALIZED_AUTOS = YES_AGGRESSIVE;
				GCC_WARN_UNUSED_FUNCTION = YES;
				GCC_WARN_UNUSED_VARIABLE = YES;
				IPHONEOS_DEPLOYMENT_TARGET = 14.5;
				MTL_ENABLE_DEBUG_INFO = NO;
				MTL_FAST_MATH = YES;
				SDKROOT = iphoneos;
				SWIFT_COMPILATION_MODE = wholemodule;
				SWIFT_OPTIMIZATION_LEVEL = "-O";
				VALIDATE_PRODUCT = YES;
			};
			name = Release;
		};
		8421D9E626539630008DA337 /* Debug */ = {
			isa = XCBuildConfiguration;
			buildSettings = {
				ASSETCATALOG_COMPILER_APPICON_NAME = AppIcon;
				ASSETCATALOG_COMPILER_GLOBAL_ACCENT_COLOR_NAME = AccentColor;
				CODE_SIGN_STYLE = Automatic;
				DEVELOPMENT_TEAM = EVU3ERD5BB;
				FRAMEWORK_SEARCH_PATHS = (
					"$(inherited)",
					"$(PROJECT_DIR)",
				);
				INFOPLIST_FILE = imageToVideo/Info.plist;
				IPHONEOS_DEPLOYMENT_TARGET = 14.4;
				LD_RUNPATH_SEARCH_PATHS = (
					"$(inherited)",
					"@executable_path/Frameworks",
				);
				PRODUCT_BUNDLE_IDENTIFIER = abs.com;
				PRODUCT_NAME = "$(TARGET_NAME)";
				SWIFT_VERSION = 5.0;
				TARGETED_DEVICE_FAMILY = 1;
			};
			name = Debug;
		};
		8421D9E726539630008DA337 /* Release */ = {
			isa = XCBuildConfiguration;
			buildSettings = {
				ASSETCATALOG_COMPILER_APPICON_NAME = AppIcon;
				ASSETCATALOG_COMPILER_GLOBAL_ACCENT_COLOR_NAME = AccentColor;
				CODE_SIGN_STYLE = Automatic;
				DEVELOPMENT_TEAM = EVU3ERD5BB;
				FRAMEWORK_SEARCH_PATHS = (
					"$(inherited)",
					"$(PROJECT_DIR)",
				);
				INFOPLIST_FILE = imageToVideo/Info.plist;
				IPHONEOS_DEPLOYMENT_TARGET = 14.4;
				LD_RUNPATH_SEARCH_PATHS = (
					"$(inherited)",
					"@executable_path/Frameworks",
				);
				PRODUCT_BUNDLE_IDENTIFIER = abs.com;
				PRODUCT_NAME = "$(TARGET_NAME)";
				SWIFT_VERSION = 5.0;
				TARGETED_DEVICE_FAMILY = 1;
			};
			name = Release;
		};
		8421D9E926539630008DA337 /* Debug */ = {
			isa = XCBuildConfiguration;
			buildSettings = {
				ALWAYS_EMBED_SWIFT_STANDARD_LIBRARIES = YES;
				BUNDLE_LOADER = "$(TEST_HOST)";
				CODE_SIGN_STYLE = Automatic;
				INFOPLIST_FILE = imageToVideoTests/Info.plist;
				IPHONEOS_DEPLOYMENT_TARGET = 14.5;
				LD_RUNPATH_SEARCH_PATHS = (
					"$(inherited)",
					"@executable_path/Frameworks",
					"@loader_path/Frameworks",
				);
				PRODUCT_BUNDLE_IDENTIFIER = abs.com.imageToVideoTests;
				PRODUCT_NAME = "$(TARGET_NAME)";
				SWIFT_VERSION = 5.0;
				TARGETED_DEVICE_FAMILY = "1,2";
				TEST_HOST = "$(BUILT_PRODUCTS_DIR)/imageToVideo.app/imageToVideo";
			};
			name = Debug;
		};
		8421D9EA26539630008DA337 /* Release */ = {
			isa = XCBuildConfiguration;
			buildSettings = {
				ALWAYS_EMBED_SWIFT_STANDARD_LIBRARIES = YES;
				BUNDLE_LOADER = "$(TEST_HOST)";
				CODE_SIGN_STYLE = Automatic;
				INFOPLIST_FILE = imageToVideoTests/Info.plist;
				IPHONEOS_DEPLOYMENT_TARGET = 14.5;
				LD_RUNPATH_SEARCH_PATHS = (
					"$(inherited)",
					"@executable_path/Frameworks",
					"@loader_path/Frameworks",
				);
				PRODUCT_BUNDLE_IDENTIFIER = abs.com.imageToVideoTests;
				PRODUCT_NAME = "$(TARGET_NAME)";
				SWIFT_VERSION = 5.0;
				TARGETED_DEVICE_FAMILY = "1,2";
				TEST_HOST = "$(BUILT_PRODUCTS_DIR)/imageToVideo.app/imageToVideo";
			};
			name = Release;
		};
		8421D9EC26539630008DA337 /* Debug */ = {
			isa = XCBuildConfiguration;
			buildSettings = {
				ALWAYS_EMBED_SWIFT_STANDARD_LIBRARIES = YES;
				CODE_SIGN_STYLE = Automatic;
				INFOPLIST_FILE = imageToVideoUITests/Info.plist;
				LD_RUNPATH_SEARCH_PATHS = (
					"$(inherited)",
					"@executable_path/Frameworks",
					"@loader_path/Frameworks",
				);
				PRODUCT_BUNDLE_IDENTIFIER = abs.com.imageToVideoUITests;
				PRODUCT_NAME = "$(TARGET_NAME)";
				SWIFT_VERSION = 5.0;
				TARGETED_DEVICE_FAMILY = "1,2";
				TEST_TARGET_NAME = imageToVideo;
			};
			name = Debug;
		};
		8421D9ED26539630008DA337 /* Release */ = {
			isa = XCBuildConfiguration;
			buildSettings = {
				ALWAYS_EMBED_SWIFT_STANDARD_LIBRARIES = YES;
				CODE_SIGN_STYLE = Automatic;
				INFOPLIST_FILE = imageToVideoUITests/Info.plist;
				LD_RUNPATH_SEARCH_PATHS = (
					"$(inherited)",
					"@executable_path/Frameworks",
					"@loader_path/Frameworks",
				);
				PRODUCT_BUNDLE_IDENTIFIER = abs.com.imageToVideoUITests;
				PRODUCT_NAME = "$(TARGET_NAME)";
				SWIFT_VERSION = 5.0;
				TARGETED_DEVICE_FAMILY = "1,2";
				TEST_TARGET_NAME = imageToVideo;
			};
			name = Release;
		};
/* End XCBuildConfiguration section */

/* Begin XCConfigurationList section */
		8421D9B62653962D008DA337 /* Build configuration list for PBXProject "imageToVideo" */ = {
			isa = XCConfigurationList;
			buildConfigurations = (
				8421D9E326539630008DA337 /* Debug */,
				8421D9E426539630008DA337 /* Release */,
			);
			defaultConfigurationIsVisible = 0;
			defaultConfigurationName = Release;
		};
		8421D9E526539630008DA337 /* Build configuration list for PBXNativeTarget "imageToVideo" */ = {
			isa = XCConfigurationList;
			buildConfigurations = (
				8421D9E626539630008DA337 /* Debug */,
				8421D9E726539630008DA337 /* Release */,
			);
			defaultConfigurationIsVisible = 0;
			defaultConfigurationName = Release;
		};
		8421D9E826539630008DA337 /* Build configuration list for PBXNativeTarget "imageToVideoTests" */ = {
			isa = XCConfigurationList;
			buildConfigurations = (
				8421D9E926539630008DA337 /* Debug */,
				8421D9EA26539630008DA337 /* Release */,
			);
			defaultConfigurationIsVisible = 0;
			defaultConfigurationName = Release;
		};
		8421D9EB26539630008DA337 /* Build configuration list for PBXNativeTarget "imageToVideoUITests" */ = {
			isa = XCConfigurationList;
			buildConfigurations = (
				8421D9EC26539630008DA337 /* Debug */,
				8421D9ED26539630008DA337 /* Release */,
			);
			defaultConfigurationIsVisible = 0;
			defaultConfigurationName = Release;
		};
/* End XCConfigurationList section */
	};
	rootObject = 8421D9B32653962D008DA337 /* Project object */;
}
